
Microsoft Visual Studio Solution File, Format Version 12.00
# Visual Studio 2013
VisualStudioVersion = 12.0.30501.0
MinimumVisualStudioVersion = 10.0.40219.1
Project("{8BC9CEB8-8B4A-11D0-8D11-00A0C91BC942}") = "001_MOV", "汇编\汇编.vcxproj", "{93457457-74FC-4559-8D64-0401CEF2D6AA}"
EndProject
Project("{8BC9CEB8-8B4A-11D0-8D11-00A0C91BC942}") = "002_汇编加法指令ADD", "002_汇编加法指令ADD\002_汇编加法指令ADD.vcxproj", "{C092B4A3-3567-4C4E-83AE-B003B49630DD}"
EndProject
Project("{8BC9CEB8-8B4A-11D0-8D11-00A0C91BC942}") = "003_寄存器EAX与AX,AH,AL关系", "003_寄存器EAX与AX,AH,AL关系\003_寄存器EAX与AX,AH,AL关系.vcxproj", "{BA4428F6-0746-43BB-944B-555E857F5CB9}"
EndProject
Project("{8BC9CEB8-8B4A-11D0-8D11-00A0C91BC942}") = "004_汇编指令MOVSX与MOVZX", "004_汇编指令MOVSX与MOVZX\004_汇编指令MOVSX与MOVZX.vcxproj", "{44FE090A-4BAA-496C-8CAA-3DA9213C069C}"
EndProject
Project("{8BC9CEB8-8B4A-11D0-8D11-00A0C91BC942}") = "005_取地址指令LEA", "005_取地址指令LEA\005_取地址指令LEA.vcxproj", "{FADCD4C4-9DC5-4D05-86C3-485EE337EB73}"
EndProject
Project("{8BC9CEB8-8B4A-11D0-8D11-00A0C91BC942}") = "006_减法指令SUB及对标志寄存器PSW的影响", "006_减法指令SUB及对标志寄存器PSW的影响\006_减法指令SUB及对标志寄存器PSW的影响.vcxproj", "{EB594D0F-5ECE-4BF7-8EF0-76DD3E1B0D24}"
EndProject
Project("{8BC9CEB8-8B4A-11D0-8D11-00A0C91BC942}") = "007_cmp指令与JZ指令", "007_cmp指令与JZ指令\007_cmp指令与JZ指令.vcxproj", "{C75DA3B0-3B2F-46E6-957F-6CB6409A950D}"
EndProject
Project("{8BC9CEB8-8B4A-11D0-8D11-00A0C91BC942}") = "008_JNE指令与标志位", "008_JNE指令与标志位\008_JNE指令与标志位.vcxproj", "{55251C66-E347-455B-86D5-9E5BDECF67F6}"
EndProject
Project("{8BC9CEB8-8B4A-11D0-8D11-00A0C91BC942}") = "009_无条件跳转指令jmp", "009_无条件跳转指令jmp\009_无条件跳转指令jmp.vcxproj", "{B842F29E-370C-474E-B03C-03C822996393}"
EndProject
Project("{8BC9CEB8-8B4A-11D0-8D11-00A0C91BC942}") = "010_条件跳转JL JNGE(SF小于)", "010_条件跳转JL JNGE(SF小于)\010_条件跳转JL JNGE(SF小于).vcxproj", "{CDBAAEDD-A850-41A5-A2CD-6FED3BDBEC62}"
EndProject
Project("{8BC9CEB8-8B4A-11D0-8D11-00A0C91BC942}") = "011_JG JNLE(大于转移)指令+", "011_JG JNLE(大于转移)指令+\011_JG JNLE(大于转移)指令+.vcxproj", "{9843E2B1-9F73-47B2-9E0F-87071461A34D}"
EndProject
Project("{8BC9CEB8-8B4A-11D0-8D11-00A0C91BC942}") = "012_无符号数条件转移指令JA JNBE(大于)", "012_无符号数条件转移指令JA JNBE(大于)\012_无符号数条件转移指令JA JNBE(大于).vcxproj", "{212AE7CA-466E-4F69-B1E8-44F2B8555678}"
EndProject
Project("{8BC9CEB8-8B4A-11D0-8D11-00A0C91BC942}") = "013_无符号数条件转移指令JNB JAE JNC(大于等于)", "013_无符号数条件转移指令JNB JAE JNC(大于等于)\013_无符号数条件转移指令JNB JAE JNC(大于等于).vcxproj", "{9D9356C9-E878-429F-9440-AF5F5513ADD8}"
EndProject
Project("{8BC9CEB8-8B4A-11D0-8D11-00A0C91BC942}") = "014_无符号数条件转移指令JB JNAE JC(小于)", "014_无符号数条件转移指令JB JNAE JC(小于)\014_无符号数条件转移指令JB JNAE JC(小于).vcxproj", "{E80FF758-F8DE-4044-9850-53742800E01A}"
EndProject
Project("{8BC9CEB8-8B4A-11D0-8D11-00A0C91BC942}") = "015_无符号数条件转移指令JBE JNA(小于等于)", "015_无符号数条件转移指令JBE JNA(小于等于)\015_无符号数条件转移指令JBE JNA(小于等于).vcxproj", "{93672CC7-4640-489B-B8EB-AB5996D9A5AE}"
EndProject
Project("{8BC9CEB8-8B4A-11D0-8D11-00A0C91BC942}") = "016_EBP,ESP与CALL", "016_EBP,ESP与CALL\016_EBP,ESP与CALL.vcxproj", "{916A801F-FCFF-4299-838F-61A00FB5C2C2}"
EndProject
Project("{8BC9CEB8-8B4A-11D0-8D11-00A0C91BC942}") = "017_PUSH_POP", "017_PUSH_POP\017_PUSH_POP.vcxproj", "{CD9968C8-8C59-488E-887C-F2BACA1BE992}"
EndProject
Global
	GlobalSection(SolutionConfigurationPlatforms) = preSolution
		Debug|Win32 = Debug|Win32
		Release|Win32 = Release|Win32
	EndGlobalSection
	GlobalSection(ProjectConfigurationPlatforms) = postSolution
		{93457457-74FC-4559-8D64-0401CEF2D6AA}.Debug|Win32.ActiveCfg = Debug|Win32
		{93457457-74FC-4559-8D64-0401CEF2D6AA}.Debug|Win32.Build.0 = Debug|Win32
		{93457457-74FC-4559-8D64-0401CEF2D6AA}.Release|Win32.ActiveCfg = Release|Win32
		{93457457-74FC-4559-8D64-0401CEF2D6AA}.Release|Win32.Build.0 = Release|Win32
		{C092B4A3-3567-4C4E-83AE-B003B49630DD}.Debug|Win32.ActiveCfg = Debug|Win32
		{C092B4A3-3567-4C4E-83AE-B003B49630DD}.Debug|Win32.Build.0 = Debug|Win32
		{C092B4A3-3567-4C4E-83AE-B003B49630DD}.Release|Win32.ActiveCfg = Release|Win32
		{C092B4A3-3567-4C4E-83AE-B003B49630DD}.Release|Win32.Build.0 = Release|Win32
		{BA4428F6-0746-43BB-944B-555E857F5CB9}.Debug|Win32.ActiveCfg = Debug|Win32
		{BA4428F6-0746-43BB-944B-555E857F5CB9}.Debug|Win32.Build.0 = Debug|Win32
		{BA4428F6-0746-43BB-944B-555E857F5CB9}.Release|Win32.ActiveCfg = Release|Win32
		{BA4428F6-0746-43BB-944B-555E857F5CB9}.Release|Win32.Build.0 = Release|Win32
		{44FE090A-4BAA-496C-8CAA-3DA9213C069C}.Debug|Win32.ActiveCfg = Debug|Win32
		{44FE090A-4BAA-496C-8CAA-3DA9213C069C}.Debug|Win32.Build.0 = Debug|Win32
		{44FE090A-4BAA-496C-8CAA-3DA9213C069C}.Release|Win32.ActiveCfg = Release|Win32
		{44FE090A-4BAA-496C-8CAA-3DA9213C069C}.Release|Win32.Build.0 = Release|Win32
		{FADCD4C4-9DC5-4D05-86C3-485EE337EB73}.Debug|Win32.ActiveCfg = Debug|Win32
		{FADCD4C4-9DC5-4D05-86C3-485EE337EB73}.Debug|Win32.Build.0 = Debug|Win32
		{FADCD4C4-9DC5-4D05-86C3-485EE337EB73}.Release|Win32.ActiveCfg = Release|Win32
		{FADCD4C4-9DC5-4D05-86C3-485EE337EB73}.Release|Win32.Build.0 = Release|Win32
		{EB594D0F-5ECE-4BF7-8EF0-76DD3E1B0D24}.Debug|Win32.ActiveCfg = Debug|Win32
		{EB594D0F-5ECE-4BF7-8EF0-76DD3E1B0D24}.Debug|Win32.Build.0 = Debug|Win32
		{EB594D0F-5ECE-4BF7-8EF0-76DD3E1B0D24}.Release|Win32.ActiveCfg = Release|Win32
		{EB594D0F-5ECE-4BF7-8EF0-76DD3E1B0D24}.Release|Win32.Build.0 = Release|Win32
		{C75DA3B0-3B2F-46E6-957F-6CB6409A950D}.Debug|Win32.ActiveCfg = Debug|Win32
		{C75DA3B0-3B2F-46E6-957F-6CB6409A950D}.Debug|Win32.Build.0 = Debug|Win32
		{C75DA3B0-3B2F-46E6-957F-6CB6409A950D}.Release|Win32.ActiveCfg = Release|Win32
		{C75DA3B0-3B2F-46E6-957F-6CB6409A950D}.Release|Win32.Build.0 = Release|Win32
		{55251C66-E347-455B-86D5-9E5BDECF67F6}.Debug|Win32.ActiveCfg = Debug|Win32
		{55251C66-E347-455B-86D5-9E5BDECF67F6}.Debug|Win32.Build.0 = Debug|Win32
		{55251C66-E347-455B-86D5-9E5BDECF67F6}.Release|Win32.ActiveCfg = Release|Win32
		{55251C66-E347-455B-86D5-9E5BDECF67F6}.Release|Win32.Build.0 = Release|Win32
		{B842F29E-370C-474E-B03C-03C822996393}.Debug|Win32.ActiveCfg = Debug|Win32
		{B842F29E-370C-474E-B03C-03C822996393}.Debug|Win32.Build.0 = Debug|Win32
		{B842F29E-370C-474E-B03C-03C822996393}.Release|Win32.ActiveCfg = Release|Win32
		{B842F29E-370C-474E-B03C-03C822996393}.Release|Win32.Build.0 = Release|Win32
		{CDBAAEDD-A850-41A5-A2CD-6FED3BDBEC62}.Debug|Win32.ActiveCfg = Debug|Win32
		{CDBAAEDD-A850-41A5-A2CD-6FED3BDBEC62}.Debug|Win32.Build.0 = Debug|Win32
		{CDBAAEDD-A850-41A5-A2CD-6FED3BDBEC62}.Release|Win32.ActiveCfg = Release|Win32
		{CDBAAEDD-A850-41A5-A2CD-6FED3BDBEC62}.Release|Win32.Build.0 = Release|Win32
		{9843E2B1-9F73-47B2-9E0F-87071461A34D}.Debug|Win32.ActiveCfg = Debug|Win32
		{9843E2B1-9F73-47B2-9E0F-87071461A34D}.Debug|Win32.Build.0 = Debug|Win32
		{9843E2B1-9F73-47B2-9E0F-87071461A34D}.Release|Win32.ActiveCfg = Release|Win32
		{9843E2B1-9F73-47B2-9E0F-87071461A34D}.Release|Win32.Build.0 = Release|Win32
		{212AE7CA-466E-4F69-B1E8-44F2B8555678}.Debug|Win32.ActiveCfg = Debug|Win32
		{212AE7CA-466E-4F69-B1E8-44F2B8555678}.Debug|Win32.Build.0 = Debug|Win32
		{212AE7CA-466E-4F69-B1E8-44F2B8555678}.Release|Win32.ActiveCfg = Release|Win32
		{212AE7CA-466E-4F69-B1E8-44F2B8555678}.Release|Win32.Build.0 = Release|Win32
		{9D9356C9-E878-429F-9440-AF5F5513ADD8}.Debug|Win32.ActiveCfg = Debug|Win32
		{9D9356C9-E878-429F-9440-AF5F5513ADD8}.Debug|Win32.Build.0 = Debug|Win32
		{9D9356C9-E878-429F-9440-AF5F5513ADD8}.Release|Win32.ActiveCfg = Release|Win32
		{9D9356C9-E878-429F-9440-AF5F5513ADD8}.Release|Win32.Build.0 = Release|Win32
		{E80FF758-F8DE-4044-9850-53742800E01A}.Debug|Win32.ActiveCfg = Debug|Win32
		{E80FF758-F8DE-4044-9850-53742800E01A}.Debug|Win32.Build.0 = Debug|Win32
		{E80FF758-F8DE-4044-9850-53742800E01A}.Release|Win32.ActiveCfg = Release|Win32
		{E80FF758-F8DE-4044-9850-53742800E01A}.Release|Win32.Build.0 = Release|Win32
		{93672CC7-4640-489B-B8EB-AB5996D9A5AE}.Debug|Win32.ActiveCfg = Debug|Win32
		{93672CC7-4640-489B-B8EB-AB5996D9A5AE}.Debug|Win32.Build.0 = Debug|Win32
		{93672CC7-4640-489B-B8EB-AB5996D9A5AE}.Release|Win32.ActiveCfg = Release|Win32
		{93672CC7-4640-489B-B8EB-AB5996D9A5AE}.Release|Win32.Build.0 = Release|Win32
		{916A801F-FCFF-4299-838F-61A00FB5C2C2}.Debug|Win32.ActiveCfg = Debug|Win32
		{916A801F-FCFF-4299-838F-61A00FB5C2C2}.Debug|Win32.Build.0 = Debug|Win32
		{916A801F-FCFF-4299-838F-61A00FB5C2C2}.Release|Win32.ActiveCfg = Release|Win32
		{916A801F-FCFF-4299-838F-61A00FB5C2C2}.Release|Win32.Build.0 = Release|Win32
		{CD9968C8-8C59-488E-887C-F2BACA1BE992}.Debug|Win32.ActiveCfg = Debug|Win32
		{CD9968C8-8C59-488E-887C-F2BACA1BE992}.Debug|Win32.Build.0 = Debug|Win32
		{CD9968C8-8C59-488E-887C-F2BACA1BE992}.Release|Win32.ActiveCfg = Release|Win32
		{CD9968C8-8C59-488E-887C-F2BACA1BE992}.Release|Win32.Build.0 = Release|Win32
	EndGlobalSection
	GlobalSection(SolutionProperties) = preSolution
		HideSolutionNode = FALSE
	EndGlobalSection
EndGlobal
