
Microsoft Visual Studio Solution File, Format Version 12.00
# Visual Studio 2013
VisualStudioVersion = 12.0.21005.1
MinimumVisualStudioVersion = 10.0.40219.1
Project("{8BC9CEB8-8B4A-11D0-8D11-00A0C91BC942}") = "001_MOV", "汇编\汇编.vcxproj", "{93457457-74FC-4559-8D64-0401CEF2D6AA}"
EndProject
Project("{8BC9CEB8-8B4A-11D0-8D11-00A0C91BC942}") = "002_汇编加法指令ADD", "002_汇编加法指令ADD\002_汇编加法指令ADD.vcxproj", "{C092B4A3-3567-4C4E-83AE-B003B49630DD}"
EndProject
Project("{8BC9CEB8-8B4A-11D0-8D11-00A0C91BC942}") = "003_寄存器EAX与AX,AH,AL关系", "003_寄存器EAX与AX,AH,AL关系\003_寄存器EAX与AX,AH,AL关系.vcxproj", "{BA4428F6-0746-43BB-944B-555E857F5CB9}"
EndProject
Project("{8BC9CEB8-8B4A-11D0-8D11-00A0C91BC942}") = "004_汇编指令MOVSX与MOVZX", "004_汇编指令MOVSX与MOVZX\004_汇编指令MOVSX与MOVZX.vcxproj", "{44FE090A-4BAA-496C-8CAA-3DA9213C069C}"
EndProject
Project("{8BC9CEB8-8B4A-11D0-8D11-00A0C91BC942}") = "005_取地址指令LEA", "005_取地址指令LEA\005_取地址指令LEA.vcxproj", "{FADCD4C4-9DC5-4D05-86C3-485EE337EB73}"
EndProject
Project("{8BC9CEB8-8B4A-11D0-8D11-00A0C91BC942}") = "006_减法指令SUB及对标志寄存器PSW的影响", "006_减法指令SUB及对标志寄存器PSW的影响\006_减法指令SUB及对标志寄存器PSW的影响.vcxproj", "{EB594D0F-5ECE-4BF7-8EF0-76DD3E1B0D24}"
EndProject
Project("{8BC9CEB8-8B4A-11D0-8D11-00A0C91BC942}") = "007_cmp指令与JZ指令", "007_cmp指令与JZ指令\007_cmp指令与JZ指令.vcxproj", "{C75DA3B0-3B2F-46E6-957F-6CB6409A950D}"
EndProject
Project("{8BC9CEB8-8B4A-11D0-8D11-00A0C91BC942}") = "008_JNE指令与标志位", "008_JNE指令与标志位\008_JNE指令与标志位.vcxproj", "{55251C66-E347-455B-86D5-9E5BDECF67F6}"
EndProject
Project("{8BC9CEB8-8B4A-11D0-8D11-00A0C91BC942}") = "009_无条件跳转指令jmp", "009_无条件跳转指令jmp\009_无条件跳转指令jmp.vcxproj", "{B842F29E-370C-474E-B03C-03C822996393}"
EndProject
Project("{8BC9CEB8-8B4A-11D0-8D11-00A0C91BC942}") = "010_条件跳转JL JNGE(SF小于)", "010_条件跳转JL JNGE(SF小于)\010_条件跳转JL JNGE(SF小于).vcxproj", "{CDBAAEDD-A850-41A5-A2CD-6FED3BDBEC62}"
EndProject
Project("{8BC9CEB8-8B4A-11D0-8D11-00A0C91BC942}") = "011_JG JNLE(大于转移)指令+", "011_JG JNLE(大于转移)指令+\011_JG JNLE(大于转移)指令+.vcxproj", "{9843E2B1-9F73-47B2-9E0F-87071461A34D}"
EndProject
Project("{8BC9CEB8-8B4A-11D0-8D11-00A0C91BC942}") = "012_无符号数条件转移指令JA JNBE(大于)", "012_无符号数条件转移指令JA JNBE(大于)\012_无符号数条件转移指令JA JNBE(大于).vcxproj", "{212AE7CA-466E-4F69-B1E8-44F2B8555678}"
EndProject
Project("{8BC9CEB8-8B4A-11D0-8D11-00A0C91BC942}") = "013_无符号数条件转移指令JNB JAE JNC(大于等于)", "013_无符号数条件转移指令JNB JAE JNC(大于等于)\013_无符号数条件转移指令JNB JAE JNC(大于等于).vcxproj", "{9D9356C9-E878-429F-9440-AF5F5513ADD8}"
EndProject
Project("{8BC9CEB8-8B4A-11D0-8D11-00A0C91BC942}") = "014_无符号数条件转移指令JB JNAE JC(小于)", "014_无符号数条件转移指令JB JNAE JC(小于)\014_无符号数条件转移指令JB JNAE JC(小于).vcxproj", "{E80FF758-F8DE-4044-9850-53742800E01A}"
EndProject
Project("{8BC9CEB8-8B4A-11D0-8D11-00A0C91BC942}") = "015_无符号数条件转移指令JBE JNA(小于等于)", "015_无符号数条件转移指令JBE JNA(小于等于)\015_无符号数条件转移指令JBE JNA(小于等于).vcxproj", "{93672CC7-4640-489B-B8EB-AB5996D9A5AE}"
EndProject
Project("{8BC9CEB8-8B4A-11D0-8D11-00A0C91BC942}") = "016_EBP,ESP与CALL", "016_EBP,ESP与CALL\016_EBP,ESP与CALL.vcxproj", "{916A801F-FCFF-4299-838F-61A00FB5C2C2}"
EndProject
Project("{8BC9CEB8-8B4A-11D0-8D11-00A0C91BC942}") = "017_PUSH_POP", "017_PUSH_POP\017_PUSH_POP.vcxproj", "{CD9968C8-8C59-488E-887C-F2BACA1BE992}"
EndProject
Project("{8BC9CEB8-8B4A-11D0-8D11-00A0C91BC942}") = "018_函数约定cdecl,stcall与CALL", "018_函数约定cdecl,stcall与CALL\018_函数约定cdecl,stcall与CALL.vcxproj", "{79B52593-EE07-481F-A08D-271C21BA2216}"
EndProject
Project("{8BC9CEB8-8B4A-11D0-8D11-00A0C91BC942}") = "019_函数调用约定_fastcall与CALL代码", "019_函数调用约定_fastcall与CALL代码\019_函数调用约定_fastcall与CALL代码.vcxproj", "{4A5B0BDA-640B-43B6-BFBA-DB4B5368A5CF}"
EndProject
Project("{8BC9CEB8-8B4A-11D0-8D11-00A0C91BC942}") = "020_if-else汇编与逆向还原代码", "020_if-else汇编与逆向还原代码\020_if-else汇编与逆向还原代码.vcxproj", "{50150C16-95E3-4C83-A727-FCF96442905A}"
EndProject
Project("{8BC9CEB8-8B4A-11D0-8D11-00A0C91BC942}") = "021_switch case汇编框架的几种形式", "021_switch case汇编框架的几种形式\021_switch case汇编框架的几种形式.vcxproj", "{F2C2077D-1D65-4D13-9DA5-00C3E399B7E3}"
EndProject
Project("{8BC9CEB8-8B4A-11D0-8D11-00A0C91BC942}") = "022_switch Case汇编代码还原为C++代码", "022_switch Case汇编代码还原为C++代码\022_switch Case汇编代码还原为C++代码.vcxproj", "{6C55590D-8C2C-498E-9746-81B758FEC8EC}"
EndProject
Project("{8BC9CEB8-8B4A-11D0-8D11-00A0C91BC942}") = "023_switch Case汇编代码还原为C++代码(索引表)", "023_switch Case汇编代码还原为C++代码(索引表)\023_switch Case汇编代码还原为C++代码(索引表).vcxproj", "{37892947-6C23-4946-969A-E82D9FF8781B}"
EndProject
Project("{8BC9CEB8-8B4A-11D0-8D11-00A0C91BC942}") = "036_字串相关指令SCASB与REPNE,REPNZ", "036_字串相关指令SCASB与REPNE,REPNZ\036_字串相关指令SCASB与REPNE,REPNZ.vcxproj", "{E3DC5BF2-C6F8-4A97-8C53-7A2BF702B5C7}"
EndProject
Project("{8BC9CEB8-8B4A-11D0-8D11-00A0C91BC942}") = "024_dec(减1)和inc(加1)指令", "024_dec(减1)和inc(加1)指令\024_dec(减1)和inc(加1)指令.vcxproj", "{BB870FB4-FE89-4D13-8D89-5365A0E2395B}"
EndProject
Project("{8BC9CEB8-8B4A-11D0-8D11-00A0C91BC942}") = "025_do while循环", "025_do while循环\025_do while循环.vcxproj", "{96A57094-9479-4A1A-93DA-B75A388AF74E}"
EndProject
Project("{8BC9CEB8-8B4A-11D0-8D11-00A0C91BC942}") = "026_浮点指令FLD,FSTP,FADD与FPU寄存器", "026_浮点指令FLD,FSTP,FADD与FPU寄存器\026_浮点指令FLD,FSTP,FADD与FPU寄存器.vcxproj", "{7107758C-4A3A-4D0C-93E8-7F33EBFC6462}"
EndProject
Project("{8BC9CEB8-8B4A-11D0-8D11-00A0C91BC942}") = "027_浮点指令fsub", "027_浮点指令fsub\027_浮点指令fsub.vcxproj", "{41DF485E-B890-48BD-A3F7-50C1C2698267}"
EndProject
Project("{8BC9CEB8-8B4A-11D0-8D11-00A0C91BC942}") = "028_浮点指令fmul", "028_浮点指令fmul\028_浮点指令fmul.vcxproj", "{ACB0E361-4668-4085-BE34-862DC0AFB75F}"
EndProject
Project("{8BC9CEB8-8B4A-11D0-8D11-00A0C91BC942}") = "029_浮点指令FDIV(除)", "029_浮点指令FDIV(除)\029_浮点指令FDIV(除).vcxproj", "{4858298D-1A32-41BF-9C58-A79DDB4F902C}"
EndProject
Project("{8BC9CEB8-8B4A-11D0-8D11-00A0C91BC942}") = "030_浮点数与整数运算指令 FILD", "030_浮点数与整数运算指令 FILD\030_浮点数与整数运算指令 FILD.vcxproj", "{7BE0DE15-095B-4DCC-A036-4DBB893BF408}"
EndProject
Project("{8BC9CEB8-8B4A-11D0-8D11-00A0C91BC942}") = "031_浮点指令CVTTPS2PI(浮点数转整数)", "031_浮点指令CVTTPS2PI(浮点数转整数)\031_浮点指令CVTTPS2PI(浮点数转整数).vcxproj", "{7EEEFA97-184D-47E8-A854-4B4250535DBE}"
EndProject
Project("{8BC9CEB8-8B4A-11D0-8D11-00A0C91BC942}") = "032_OR运算", "032_OR运算\032_OR运算.vcxproj", "{3C9C684C-2EB0-49E6-84D3-EB3AA6B926F1}"
EndProject
Project("{8BC9CEB8-8B4A-11D0-8D11-00A0C91BC942}") = "033_AND(按位与指令)", "033_AND(按位与指令)\033_AND(按位与指令).vcxproj", "{044DF54B-24EE-404C-A8C6-3A2BFE58B9D5}"
EndProject
Project("{8BC9CEB8-8B4A-11D0-8D11-00A0C91BC942}") = "034_按位取反(NOT)与汇编指令 SETZ(SETE)SETNZ(SETNE)", "034_按位取反(NOT)与汇编指令 SETZ(SETE)SETNZ(SETNE)\034_按位取反(NOT)与汇编指令 SETZ(SETE)SETNZ(SETNE).vcxproj", "{7C1A52F4-2A86-46F4-81A1-60C503D96E33}"
EndProject
Project("{8BC9CEB8-8B4A-11D0-8D11-00A0C91BC942}") = "035_按位异或(XOR)", "035_按位异或(XOR)\035_按位异或(XOR).vcxproj", "{54E9FA93-90F7-47DF-A22C-1C3D8BC948CE}"
EndProject
Project("{8BC9CEB8-8B4A-11D0-8D11-00A0C91BC942}") = "037_字串相关指令SCASW,SCASD与REPNE,REPNZ", "037_字串相关指令SCASW,SCASD与REPNE,REPNZ\037_字串相关指令SCASW,SCASD与REPNE,REPNZ.vcxproj", "{435E9CB9-809E-40E5-BBE7-76A40FD41FC6}"
EndProject
Project("{8BC9CEB8-8B4A-11D0-8D11-00A0C91BC942}") = "038_字串相关指令CMPSB与REPE", "038_字串相关指令CMPSB与REPE\038_字串相关指令CMPSB与REPE.vcxproj", "{48A2FB7D-0DD2-48A3-ADB4-E62A918295ED}"
EndProject
Project("{8BC9CEB8-8B4A-11D0-8D11-00A0C91BC942}") = "039_LOOP LOOPD指令", "039_LOOP LOOPD指令\039_LOOP LOOPD指令.vcxproj", "{CB6DBD8B-2DBF-4B95-AD5D-813F4AEC6DB8}"
EndProject
Global
	GlobalSection(SolutionConfigurationPlatforms) = preSolution
		Debug|Win32 = Debug|Win32
		Release|Win32 = Release|Win32
	EndGlobalSection
	GlobalSection(ProjectConfigurationPlatforms) = postSolution
		{93457457-74FC-4559-8D64-0401CEF2D6AA}.Debug|Win32.ActiveCfg = Debug|Win32
		{93457457-74FC-4559-8D64-0401CEF2D6AA}.Debug|Win32.Build.0 = Debug|Win32
		{93457457-74FC-4559-8D64-0401CEF2D6AA}.Release|Win32.ActiveCfg = Release|Win32
		{93457457-74FC-4559-8D64-0401CEF2D6AA}.Release|Win32.Build.0 = Release|Win32
		{C092B4A3-3567-4C4E-83AE-B003B49630DD}.Debug|Win32.ActiveCfg = Debug|Win32
		{C092B4A3-3567-4C4E-83AE-B003B49630DD}.Debug|Win32.Build.0 = Debug|Win32
		{C092B4A3-3567-4C4E-83AE-B003B49630DD}.Release|Win32.ActiveCfg = Release|Win32
		{C092B4A3-3567-4C4E-83AE-B003B49630DD}.Release|Win32.Build.0 = Release|Win32
		{BA4428F6-0746-43BB-944B-555E857F5CB9}.Debug|Win32.ActiveCfg = Debug|Win32
		{BA4428F6-0746-43BB-944B-555E857F5CB9}.Debug|Win32.Build.0 = Debug|Win32
		{BA4428F6-0746-43BB-944B-555E857F5CB9}.Release|Win32.ActiveCfg = Release|Win32
		{BA4428F6-0746-43BB-944B-555E857F5CB9}.Release|Win32.Build.0 = Release|Win32
		{44FE090A-4BAA-496C-8CAA-3DA9213C069C}.Debug|Win32.ActiveCfg = Debug|Win32
		{44FE090A-4BAA-496C-8CAA-3DA9213C069C}.Debug|Win32.Build.0 = Debug|Win32
		{44FE090A-4BAA-496C-8CAA-3DA9213C069C}.Release|Win32.ActiveCfg = Release|Win32
		{44FE090A-4BAA-496C-8CAA-3DA9213C069C}.Release|Win32.Build.0 = Release|Win32
		{FADCD4C4-9DC5-4D05-86C3-485EE337EB73}.Debug|Win32.ActiveCfg = Debug|Win32
		{FADCD4C4-9DC5-4D05-86C3-485EE337EB73}.Debug|Win32.Build.0 = Debug|Win32
		{FADCD4C4-9DC5-4D05-86C3-485EE337EB73}.Release|Win32.ActiveCfg = Release|Win32
		{FADCD4C4-9DC5-4D05-86C3-485EE337EB73}.Release|Win32.Build.0 = Release|Win32
		{EB594D0F-5ECE-4BF7-8EF0-76DD3E1B0D24}.Debug|Win32.ActiveCfg = Debug|Win32
		{EB594D0F-5ECE-4BF7-8EF0-76DD3E1B0D24}.Debug|Win32.Build.0 = Debug|Win32
		{EB594D0F-5ECE-4BF7-8EF0-76DD3E1B0D24}.Release|Win32.ActiveCfg = Release|Win32
		{EB594D0F-5ECE-4BF7-8EF0-76DD3E1B0D24}.Release|Win32.Build.0 = Release|Win32
		{C75DA3B0-3B2F-46E6-957F-6CB6409A950D}.Debug|Win32.ActiveCfg = Debug|Win32
		{C75DA3B0-3B2F-46E6-957F-6CB6409A950D}.Debug|Win32.Build.0 = Debug|Win32
		{C75DA3B0-3B2F-46E6-957F-6CB6409A950D}.Release|Win32.ActiveCfg = Release|Win32
		{C75DA3B0-3B2F-46E6-957F-6CB6409A950D}.Release|Win32.Build.0 = Release|Win32
		{55251C66-E347-455B-86D5-9E5BDECF67F6}.Debug|Win32.ActiveCfg = Debug|Win32
		{55251C66-E347-455B-86D5-9E5BDECF67F6}.Debug|Win32.Build.0 = Debug|Win32
		{55251C66-E347-455B-86D5-9E5BDECF67F6}.Release|Win32.ActiveCfg = Release|Win32
		{55251C66-E347-455B-86D5-9E5BDECF67F6}.Release|Win32.Build.0 = Release|Win32
		{B842F29E-370C-474E-B03C-03C822996393}.Debug|Win32.ActiveCfg = Debug|Win32
		{B842F29E-370C-474E-B03C-03C822996393}.Debug|Win32.Build.0 = Debug|Win32
		{B842F29E-370C-474E-B03C-03C822996393}.Release|Win32.ActiveCfg = Release|Win32
		{B842F29E-370C-474E-B03C-03C822996393}.Release|Win32.Build.0 = Release|Win32
		{CDBAAEDD-A850-41A5-A2CD-6FED3BDBEC62}.Debug|Win32.ActiveCfg = Debug|Win32
		{CDBAAEDD-A850-41A5-A2CD-6FED3BDBEC62}.Debug|Win32.Build.0 = Debug|Win32
		{CDBAAEDD-A850-41A5-A2CD-6FED3BDBEC62}.Release|Win32.ActiveCfg = Release|Win32
		{CDBAAEDD-A850-41A5-A2CD-6FED3BDBEC62}.Release|Win32.Build.0 = Release|Win32
		{9843E2B1-9F73-47B2-9E0F-87071461A34D}.Debug|Win32.ActiveCfg = Debug|Win32
		{9843E2B1-9F73-47B2-9E0F-87071461A34D}.Debug|Win32.Build.0 = Debug|Win32
		{9843E2B1-9F73-47B2-9E0F-87071461A34D}.Release|Win32.ActiveCfg = Release|Win32
		{9843E2B1-9F73-47B2-9E0F-87071461A34D}.Release|Win32.Build.0 = Release|Win32
		{212AE7CA-466E-4F69-B1E8-44F2B8555678}.Debug|Win32.ActiveCfg = Debug|Win32
		{212AE7CA-466E-4F69-B1E8-44F2B8555678}.Debug|Win32.Build.0 = Debug|Win32
		{212AE7CA-466E-4F69-B1E8-44F2B8555678}.Release|Win32.ActiveCfg = Release|Win32
		{212AE7CA-466E-4F69-B1E8-44F2B8555678}.Release|Win32.Build.0 = Release|Win32
		{9D9356C9-E878-429F-9440-AF5F5513ADD8}.Debug|Win32.ActiveCfg = Debug|Win32
		{9D9356C9-E878-429F-9440-AF5F5513ADD8}.Debug|Win32.Build.0 = Debug|Win32
		{9D9356C9-E878-429F-9440-AF5F5513ADD8}.Release|Win32.ActiveCfg = Release|Win32
		{9D9356C9-E878-429F-9440-AF5F5513ADD8}.Release|Win32.Build.0 = Release|Win32
		{E80FF758-F8DE-4044-9850-53742800E01A}.Debug|Win32.ActiveCfg = Debug|Win32
		{E80FF758-F8DE-4044-9850-53742800E01A}.Debug|Win32.Build.0 = Debug|Win32
		{E80FF758-F8DE-4044-9850-53742800E01A}.Release|Win32.ActiveCfg = Release|Win32
		{E80FF758-F8DE-4044-9850-53742800E01A}.Release|Win32.Build.0 = Release|Win32
		{93672CC7-4640-489B-B8EB-AB5996D9A5AE}.Debug|Win32.ActiveCfg = Debug|Win32
		{93672CC7-4640-489B-B8EB-AB5996D9A5AE}.Debug|Win32.Build.0 = Debug|Win32
		{93672CC7-4640-489B-B8EB-AB5996D9A5AE}.Release|Win32.ActiveCfg = Release|Win32
		{93672CC7-4640-489B-B8EB-AB5996D9A5AE}.Release|Win32.Build.0 = Release|Win32
		{916A801F-FCFF-4299-838F-61A00FB5C2C2}.Debug|Win32.ActiveCfg = Debug|Win32
		{916A801F-FCFF-4299-838F-61A00FB5C2C2}.Debug|Win32.Build.0 = Debug|Win32
		{916A801F-FCFF-4299-838F-61A00FB5C2C2}.Release|Win32.ActiveCfg = Release|Win32
		{916A801F-FCFF-4299-838F-61A00FB5C2C2}.Release|Win32.Build.0 = Release|Win32
		{CD9968C8-8C59-488E-887C-F2BACA1BE992}.Debug|Win32.ActiveCfg = Debug|Win32
		{CD9968C8-8C59-488E-887C-F2BACA1BE992}.Debug|Win32.Build.0 = Debug|Win32
		{CD9968C8-8C59-488E-887C-F2BACA1BE992}.Release|Win32.ActiveCfg = Release|Win32
		{CD9968C8-8C59-488E-887C-F2BACA1BE992}.Release|Win32.Build.0 = Release|Win32
		{79B52593-EE07-481F-A08D-271C21BA2216}.Debug|Win32.ActiveCfg = Debug|Win32
		{79B52593-EE07-481F-A08D-271C21BA2216}.Debug|Win32.Build.0 = Debug|Win32
		{79B52593-EE07-481F-A08D-271C21BA2216}.Release|Win32.ActiveCfg = Release|Win32
		{79B52593-EE07-481F-A08D-271C21BA2216}.Release|Win32.Build.0 = Release|Win32
		{4A5B0BDA-640B-43B6-BFBA-DB4B5368A5CF}.Debug|Win32.ActiveCfg = Debug|Win32
		{4A5B0BDA-640B-43B6-BFBA-DB4B5368A5CF}.Debug|Win32.Build.0 = Debug|Win32
		{4A5B0BDA-640B-43B6-BFBA-DB4B5368A5CF}.Release|Win32.ActiveCfg = Release|Win32
		{4A5B0BDA-640B-43B6-BFBA-DB4B5368A5CF}.Release|Win32.Build.0 = Release|Win32
		{50150C16-95E3-4C83-A727-FCF96442905A}.Debug|Win32.ActiveCfg = Debug|Win32
		{50150C16-95E3-4C83-A727-FCF96442905A}.Debug|Win32.Build.0 = Debug|Win32
		{50150C16-95E3-4C83-A727-FCF96442905A}.Release|Win32.ActiveCfg = Release|Win32
		{50150C16-95E3-4C83-A727-FCF96442905A}.Release|Win32.Build.0 = Release|Win32
		{F2C2077D-1D65-4D13-9DA5-00C3E399B7E3}.Debug|Win32.ActiveCfg = Debug|Win32
		{F2C2077D-1D65-4D13-9DA5-00C3E399B7E3}.Debug|Win32.Build.0 = Debug|Win32
		{F2C2077D-1D65-4D13-9DA5-00C3E399B7E3}.Release|Win32.ActiveCfg = Release|Win32
		{F2C2077D-1D65-4D13-9DA5-00C3E399B7E3}.Release|Win32.Build.0 = Release|Win32
		{6C55590D-8C2C-498E-9746-81B758FEC8EC}.Debug|Win32.ActiveCfg = Debug|Win32
		{6C55590D-8C2C-498E-9746-81B758FEC8EC}.Debug|Win32.Build.0 = Debug|Win32
		{6C55590D-8C2C-498E-9746-81B758FEC8EC}.Release|Win32.ActiveCfg = Release|Win32
		{6C55590D-8C2C-498E-9746-81B758FEC8EC}.Release|Win32.Build.0 = Release|Win32
		{37892947-6C23-4946-969A-E82D9FF8781B}.Debug|Win32.ActiveCfg = Debug|Win32
		{37892947-6C23-4946-969A-E82D9FF8781B}.Debug|Win32.Build.0 = Debug|Win32
		{37892947-6C23-4946-969A-E82D9FF8781B}.Release|Win32.ActiveCfg = Release|Win32
		{37892947-6C23-4946-969A-E82D9FF8781B}.Release|Win32.Build.0 = Release|Win32
		{E3DC5BF2-C6F8-4A97-8C53-7A2BF702B5C7}.Debug|Win32.ActiveCfg = Debug|Win32
		{E3DC5BF2-C6F8-4A97-8C53-7A2BF702B5C7}.Debug|Win32.Build.0 = Debug|Win32
		{E3DC5BF2-C6F8-4A97-8C53-7A2BF702B5C7}.Release|Win32.ActiveCfg = Release|Win32
		{E3DC5BF2-C6F8-4A97-8C53-7A2BF702B5C7}.Release|Win32.Build.0 = Release|Win32
		{BB870FB4-FE89-4D13-8D89-5365A0E2395B}.Debug|Win32.ActiveCfg = Debug|Win32
		{BB870FB4-FE89-4D13-8D89-5365A0E2395B}.Debug|Win32.Build.0 = Debug|Win32
		{BB870FB4-FE89-4D13-8D89-5365A0E2395B}.Release|Win32.ActiveCfg = Release|Win32
		{BB870FB4-FE89-4D13-8D89-5365A0E2395B}.Release|Win32.Build.0 = Release|Win32
		{96A57094-9479-4A1A-93DA-B75A388AF74E}.Debug|Win32.ActiveCfg = Debug|Win32
		{96A57094-9479-4A1A-93DA-B75A388AF74E}.Debug|Win32.Build.0 = Debug|Win32
		{96A57094-9479-4A1A-93DA-B75A388AF74E}.Release|Win32.ActiveCfg = Release|Win32
		{96A57094-9479-4A1A-93DA-B75A388AF74E}.Release|Win32.Build.0 = Release|Win32
		{7107758C-4A3A-4D0C-93E8-7F33EBFC6462}.Debug|Win32.ActiveCfg = Debug|Win32
		{7107758C-4A3A-4D0C-93E8-7F33EBFC6462}.Debug|Win32.Build.0 = Debug|Win32
		{7107758C-4A3A-4D0C-93E8-7F33EBFC6462}.Release|Win32.ActiveCfg = Release|Win32
		{7107758C-4A3A-4D0C-93E8-7F33EBFC6462}.Release|Win32.Build.0 = Release|Win32
		{41DF485E-B890-48BD-A3F7-50C1C2698267}.Debug|Win32.ActiveCfg = Debug|Win32
		{41DF485E-B890-48BD-A3F7-50C1C2698267}.Debug|Win32.Build.0 = Debug|Win32
		{41DF485E-B890-48BD-A3F7-50C1C2698267}.Release|Win32.ActiveCfg = Release|Win32
		{41DF485E-B890-48BD-A3F7-50C1C2698267}.Release|Win32.Build.0 = Release|Win32
		{ACB0E361-4668-4085-BE34-862DC0AFB75F}.Debug|Win32.ActiveCfg = Debug|Win32
		{ACB0E361-4668-4085-BE34-862DC0AFB75F}.Debug|Win32.Build.0 = Debug|Win32
		{ACB0E361-4668-4085-BE34-862DC0AFB75F}.Release|Win32.ActiveCfg = Release|Win32
		{ACB0E361-4668-4085-BE34-862DC0AFB75F}.Release|Win32.Build.0 = Release|Win32
		{4858298D-1A32-41BF-9C58-A79DDB4F902C}.Debug|Win32.ActiveCfg = Debug|Win32
		{4858298D-1A32-41BF-9C58-A79DDB4F902C}.Debug|Win32.Build.0 = Debug|Win32
		{4858298D-1A32-41BF-9C58-A79DDB4F902C}.Release|Win32.ActiveCfg = Release|Win32
		{4858298D-1A32-41BF-9C58-A79DDB4F902C}.Release|Win32.Build.0 = Release|Win32
		{7BE0DE15-095B-4DCC-A036-4DBB893BF408}.Debug|Win32.ActiveCfg = Debug|Win32
		{7BE0DE15-095B-4DCC-A036-4DBB893BF408}.Debug|Win32.Build.0 = Debug|Win32
		{7BE0DE15-095B-4DCC-A036-4DBB893BF408}.Release|Win32.ActiveCfg = Release|Win32
		{7BE0DE15-095B-4DCC-A036-4DBB893BF408}.Release|Win32.Build.0 = Release|Win32
		{7EEEFA97-184D-47E8-A854-4B4250535DBE}.Debug|Win32.ActiveCfg = Debug|Win32
		{7EEEFA97-184D-47E8-A854-4B4250535DBE}.Debug|Win32.Build.0 = Debug|Win32
		{7EEEFA97-184D-47E8-A854-4B4250535DBE}.Release|Win32.ActiveCfg = Release|Win32
		{7EEEFA97-184D-47E8-A854-4B4250535DBE}.Release|Win32.Build.0 = Release|Win32
		{3C9C684C-2EB0-49E6-84D3-EB3AA6B926F1}.Debug|Win32.ActiveCfg = Debug|Win32
		{3C9C684C-2EB0-49E6-84D3-EB3AA6B926F1}.Debug|Win32.Build.0 = Debug|Win32
		{3C9C684C-2EB0-49E6-84D3-EB3AA6B926F1}.Release|Win32.ActiveCfg = Release|Win32
		{3C9C684C-2EB0-49E6-84D3-EB3AA6B926F1}.Release|Win32.Build.0 = Release|Win32
		{044DF54B-24EE-404C-A8C6-3A2BFE58B9D5}.Debug|Win32.ActiveCfg = Debug|Win32
		{044DF54B-24EE-404C-A8C6-3A2BFE58B9D5}.Debug|Win32.Build.0 = Debug|Win32
		{044DF54B-24EE-404C-A8C6-3A2BFE58B9D5}.Release|Win32.ActiveCfg = Release|Win32
		{044DF54B-24EE-404C-A8C6-3A2BFE58B9D5}.Release|Win32.Build.0 = Release|Win32
		{7C1A52F4-2A86-46F4-81A1-60C503D96E33}.Debug|Win32.ActiveCfg = Debug|Win32
		{7C1A52F4-2A86-46F4-81A1-60C503D96E33}.Debug|Win32.Build.0 = Debug|Win32
		{7C1A52F4-2A86-46F4-81A1-60C503D96E33}.Release|Win32.ActiveCfg = Release|Win32
		{7C1A52F4-2A86-46F4-81A1-60C503D96E33}.Release|Win32.Build.0 = Release|Win32
		{54E9FA93-90F7-47DF-A22C-1C3D8BC948CE}.Debug|Win32.ActiveCfg = Debug|Win32
		{54E9FA93-90F7-47DF-A22C-1C3D8BC948CE}.Debug|Win32.Build.0 = Debug|Win32
		{54E9FA93-90F7-47DF-A22C-1C3D8BC948CE}.Release|Win32.ActiveCfg = Release|Win32
		{54E9FA93-90F7-47DF-A22C-1C3D8BC948CE}.Release|Win32.Build.0 = Release|Win32
		{435E9CB9-809E-40E5-BBE7-76A40FD41FC6}.Debug|Win32.ActiveCfg = Debug|Win32
		{435E9CB9-809E-40E5-BBE7-76A40FD41FC6}.Debug|Win32.Build.0 = Debug|Win32
		{435E9CB9-809E-40E5-BBE7-76A40FD41FC6}.Release|Win32.ActiveCfg = Release|Win32
		{435E9CB9-809E-40E5-BBE7-76A40FD41FC6}.Release|Win32.Build.0 = Release|Win32
		{48A2FB7D-0DD2-48A3-ADB4-E62A918295ED}.Debug|Win32.ActiveCfg = Debug|Win32
		{48A2FB7D-0DD2-48A3-ADB4-E62A918295ED}.Debug|Win32.Build.0 = Debug|Win32
		{48A2FB7D-0DD2-48A3-ADB4-E62A918295ED}.Release|Win32.ActiveCfg = Release|Win32
		{48A2FB7D-0DD2-48A3-ADB4-E62A918295ED}.Release|Win32.Build.0 = Release|Win32
		{CB6DBD8B-2DBF-4B95-AD5D-813F4AEC6DB8}.Debug|Win32.ActiveCfg = Debug|Win32
		{CB6DBD8B-2DBF-4B95-AD5D-813F4AEC6DB8}.Debug|Win32.Build.0 = Debug|Win32
		{CB6DBD8B-2DBF-4B95-AD5D-813F4AEC6DB8}.Release|Win32.ActiveCfg = Release|Win32
		{CB6DBD8B-2DBF-4B95-AD5D-813F4AEC6DB8}.Release|Win32.Build.0 = Release|Win32
	EndGlobalSection
	GlobalSection(SolutionProperties) = preSolution
		HideSolutionNode = FALSE
	EndGlobalSection
EndGlobal
